
Microsoft Visual Studio Solution File, Format Version 12.00
# Visual Studio Version 16
VisualStudioVersion = 16.0.31019.35
MinimumVisualStudioVersion = 15.0.26124.0
Project("{9A19103F-16F7-4668-BE54-9A1E7A4F7556}") = "Challenges", "Challenges\Challenges.csproj", "{817DADA5-CC51-44EB-815A-BA3C14C96D89}"
EndProject
Project("{9A19103F-16F7-4668-BE54-9A1E7A4F7556}") = "Challenges.Tests", "Challenges.Tests\Challenges.Tests.csproj", "{0CE512A5-0F85-4E21-BB5D-092900EA20CC}"
EndProject
Project("{FAE04EC0-301F-11D3-BF4B-00C04F79EFBC}") = "DataStructures", "DataStructures\DataStructures.csproj", "{8A4D643B-7E2D-43E2-BCEE-CD146032EFF5}"
EndProject
Project("{FAE04EC0-301F-11D3-BF4B-00C04F79EFBC}") = "DataStructures.Tests", "DataStructures.Tests\DataStructures.Tests.csproj", "{A3D86F78-1C73-46B3-A1A7-F061669FFF3F}"
EndProject
Global
	GlobalSection(SolutionConfigurationPlatforms) = preSolution
		Debug|Any CPU = Debug|Any CPU
		Debug|x64 = Debug|x64
		Debug|x86 = Debug|x86
		Release|Any CPU = Release|Any CPU
		Release|x64 = Release|x64
		Release|x86 = Release|x86
	EndGlobalSection
	GlobalSection(ProjectConfigurationPlatforms) = postSolution
		{817DADA5-CC51-44EB-815A-BA3C14C96D89}.Debug|Any CPU.ActiveCfg = Debug|Any CPU
		{817DADA5-CC51-44EB-815A-BA3C14C96D89}.Debug|Any CPU.Build.0 = Debug|Any CPU
		{817DADA5-CC51-44EB-815A-BA3C14C96D89}.Debug|x64.ActiveCfg = Debug|Any CPU
		{817DADA5-CC51-44EB-815A-BA3C14C96D89}.Debug|x64.Build.0 = Debug|Any CPU
		{817DADA5-CC51-44EB-815A-BA3C14C96D89}.Debug|x86.ActiveCfg = Debug|Any CPU
		{817DADA5-CC51-44EB-815A-BA3C14C96D89}.Debug|x86.Build.0 = Debug|Any CPU
		{817DADA5-CC51-44EB-815A-BA3C14C96D89}.Release|Any CPU.ActiveCfg = Release|Any CPU
		{817DADA5-CC51-44EB-815A-BA3C14C96D89}.Release|Any CPU.Build.0 = Release|Any CPU
		{817DADA5-CC51-44EB-815A-BA3C14C96D89}.Release|x64.ActiveCfg = Release|Any CPU
		{817DADA5-CC51-44EB-815A-BA3C14C96D89}.Release|x64.Build.0 = Release|Any CPU
		{817DADA5-CC51-44EB-815A-BA3C14C96D89}.Release|x86.ActiveCfg = Release|Any CPU
		{817DADA5-CC51-44EB-815A-BA3C14C96D89}.Release|x86.Build.0 = Release|Any CPU
		{0CE512A5-0F85-4E21-BB5D-092900EA20CC}.Debug|Any CPU.ActiveCfg = Debug|Any CPU
		{0CE512A5-0F85-4E21-BB5D-092900EA20CC}.Debug|Any CPU.Build.0 = Debug|Any CPU
		{0CE512A5-0F85-4E21-BB5D-092900EA20CC}.Debug|x64.ActiveCfg = Debug|Any CPU
		{0CE512A5-0F85-4E21-BB5D-092900EA20CC}.Debug|x64.Build.0 = Debug|Any CPU
		{0CE512A5-0F85-4E21-BB5D-092900EA20CC}.Debug|x86.ActiveCfg = Debug|Any CPU
		{0CE512A5-0F85-4E21-BB5D-092900EA20CC}.Debug|x86.Build.0 = Debug|Any CPU
		{0CE512A5-0F85-4E21-BB5D-092900EA20CC}.Release|Any CPU.ActiveCfg = Release|Any CPU
		{0CE512A5-0F85-4E21-BB5D-092900EA20CC}.Release|Any CPU.Build.0 = Release|Any CPU
		{0CE512A5-0F85-4E21-BB5D-092900EA20CC}.Release|x64.ActiveCfg = Release|Any CPU
		{0CE512A5-0F85-4E21-BB5D-092900EA20CC}.Release|x64.Build.0 = Release|Any CPU
		{0CE512A5-0F85-4E21-BB5D-092900EA20CC}.Release|x86.ActiveCfg = Release|Any CPU
		{0CE512A5-0F85-4E21-BB5D-092900EA20CC}.Release|x86.Build.0 = Release|Any CPU
		{8A4D643B-7E2D-43E2-BCEE-CD146032EFF5}.Debug|Any CPU.ActiveCfg = Debug|Any CPU
		{8A4D643B-7E2D-43E2-BCEE-CD146032EFF5}.Debug|Any CPU.Build.0 = Debug|Any CPU
		{8A4D643B-7E2D-43E2-BCEE-CD146032EFF5}.Debug|x64.ActiveCfg = Debug|Any CPU
		{8A4D643B-7E2D-43E2-BCEE-CD146032EFF5}.Debug|x64.Build.0 = Debug|Any CPU
		{8A4D643B-7E2D-43E2-BCEE-CD146032EFF5}.Debug|x86.ActiveCfg = Debug|Any CPU
		{8A4D643B-7E2D-43E2-BCEE-CD146032EFF5}.Debug|x86.Build.0 = Debug|Any CPU
		{8A4D643B-7E2D-43E2-BCEE-CD146032EFF5}.Release|Any CPU.ActiveCfg = Release|Any CPU
		{8A4D643B-7E2D-43E2-BCEE-CD146032EFF5}.Release|Any CPU.Build.0 = Release|Any CPU
		{8A4D643B-7E2D-43E2-BCEE-CD146032EFF5}.Release|x64.ActiveCfg = Release|Any CPU
		{8A4D643B-7E2D-43E2-BCEE-CD146032EFF5}.Release|x64.Build.0 = Release|Any CPU
		{8A4D643B-7E2D-43E2-BCEE-CD146032EFF5}.Release|x86.ActiveCfg = Release|Any CPU
		{8A4D643B-7E2D-43E2-BCEE-CD146032EFF5}.Release|x86.Build.0 = Release|Any CPU
		{A3D86F78-1C73-46B3-A1A7-F061669FFF3F}.Debug|Any CPU.ActiveCfg = Debug|Any CPU
		{A3D86F78-1C73-46B3-A1A7-F061669FFF3F}.Debug|Any CPU.Build.0 = Debug|Any CPU
		{A3D86F78-1C73-46B3-A1A7-F061669FFF3F}.Debug|x64.ActiveCfg = Debug|Any CPU
		{A3D86F78-1C73-46B3-A1A7-F061669FFF3F}.Debug|x64.Build.0 = Debug|Any CPU
		{A3D86F78-1C73-46B3-A1A7-F061669FFF3F}.Debug|x86.ActiveCfg = Debug|Any CPU
		{A3D86F78-1C73-46B3-A1A7-F061669FFF3F}.Debug|x86.Build.0 = Debug|Any CPU
		{A3D86F78-1C73-46B3-A1A7-F061669FFF3F}.Release|Any CPU.ActiveCfg = Release|Any CPU
		{A3D86F78-1C73-46B3-A1A7-F061669FFF3F}.Release|Any CPU.Build.0 = Release|Any CPU
		{A3D86F78-1C73-46B3-A1A7-F061669FFF3F}.Release|x64.ActiveCfg = Release|Any CPU
		{A3D86F78-1C73-46B3-A1A7-F061669FFF3F}.Release|x64.Build.0 = Release|Any CPU
		{A3D86F78-1C73-46B3-A1A7-F061669FFF3F}.Release|x86.ActiveCfg = Release|Any CPU
		{A3D86F78-1C73-46B3-A1A7-F061669FFF3F}.Release|x86.Build.0 = Release|Any CPU
	EndGlobalSection
	GlobalSection(SolutionProperties) = preSolution
		HideSolutionNode = FALSE
	EndGlobalSection
	GlobalSection(ExtensibilityGlobals) = postSolution
		SolutionGuid = {69D559B9-D5BB-45E2-AC57-F771C95657ED}
	EndGlobalSection
EndGlobal
